github.com/magefile/mage v1.8.0 h1:mzL+xIopvPURVBwHG9A50JcjBO+xV3b5iZ7khFRI+5E=
github.com/magefile/mage v1.8.0/go.mod h1:IUDi13rsHje59lecXokTfGX0QIzO45uVPlXnJYsXepA=
github.com/ntrrg/ntgo v0.1.0 h1:q3PETw+CG2WfnUK3Yhmnv9LA34SAG6W2ptEKsFJKH/I=
github.com/ntrrg/ntgo v0.2.0 h1:ufYzYA/le6tBnaK3B0fv6tDeD8aehBxfgszzCW32cos=
github.com/ntrrg/ntgo v0.2.0/go.mod h1:YfXGa87QZagIbr77lAyNXtasqFhrZFD1UNTT+E78KVI=
github.com/ntrrg/ntgo v0.2.1 h1:fuelA3KCpfI8l4jB5B5R7KlXaW48McTxhkZXyJ11Xf0=
github.com/ntrrg/ntgo v0.2.1/go.mod h1:YfXGa87QZagIbr77lAyNXtasqFhrZFD1UNTT+E78KVI=
github.com/ntrrg/ntgo v0.3.1 h1:8jzwRwLngylvSFYAC6tTagLa6dQnBPFtQYGVH07XzTg=
github.com/ntrrg/ntgo v0.3.1/go.mod h1:YfXGa87QZagIbr77lAyNXtasqFhrZFD1UNTT+E78KVI=
